dependencies:
- name: zookeeper
  repository: https://charts.bitnami.com/bitnami
  version: 6.0.0
- name: kafka
  repository: https://charts.bitnami.com/bitnami
  version: 12.2.4
digest: sha256:817cb186dbf6e80a0e4a0a4638e9b453777c1b8e4485f486910c687bd5bcfcd1
generated: "2021-01-08T09:25:31.2882+01:00"
